// !$*UTF8*$!
{
	archiveVersion = 1;
	classes = {
	};
	objectVersion = 56;
	objects = {

/* Begin PBXBuildFile section */
		F83B87D42A2FAC47004965A0 /* GameViewModel.swift in Sources */ = {isa = PBXBuildFile; fileRef = F83B87D32A2FAC47004965A0 /* GameViewModel.swift */; };
		F83B87D72A2FB419004965A0 /* GameSquareView.swift in Sources */ = {isa = PBXBuildFile; fileRef = F83B87D62A2FB419004965A0 /* GameSquareView.swift */; };
		F83B87D92A2FB454004965A0 /* PlayerIndicatorView.swift in Sources */ = {isa = PBXBuildFile; fileRef = F83B87D82A2FB454004965A0 /* PlayerIndicatorView.swift */; };
		F83B87DD2A2FC0FB004965A0 /* GameLogoView.swift in Sources */ = {isa = PBXBuildFile; fileRef = F83B87DC2A2FC0FB004965A0 /* GameLogoView.swift */; };
		F83B87E62A2FCF4D004965A0 /* button.riv in Resources */ = {isa = PBXBuildFile; fileRef = F83B87DF2A2FCF4D004965A0 /* button.riv */; };
		F83B87E72A2FCF4D004965A0 /* house.riv in Resources */ = {isa = PBXBuildFile; fileRef = F83B87E02A2FCF4D004965A0 /* house.riv */; };
		F83B87E82A2FCF4D004965A0 /* confetti.riv in Resources */ = {isa = PBXBuildFile; fileRef = F83B87E12A2FCF4D004965A0 /* confetti.riv */; };
		F83B87E92A2FCF4D004965A0 /* menu_button.riv in Resources */ = {isa = PBXBuildFile; fileRef = F83B87E22A2FCF4D004965A0 /* menu_button.riv */; };
		F83B87EA2A2FCF4D004965A0 /* check.riv in Resources */ = {isa = PBXBuildFile; fileRef = F83B87E32A2FCF4D004965A0 /* check.riv */; };
		F83B87EB2A2FCF4D004965A0 /* icons.riv in Resources */ = {isa = PBXBuildFile; fileRef = F83B87E42A2FCF4D004965A0 /* icons.riv */; };
		F83B87EC2A2FCF4D004965A0 /* shapes.riv in Resources */ = {isa = PBXBuildFile; fileRef = F83B87E52A2FCF4D004965A0 /* shapes.riv */; };
		F83B87F12A2FCF8A004965A0 /* Poppins-Bold.ttf in Resources */ = {isa = PBXBuildFile; fileRef = F83B87EE2A2FCF8A004965A0 /* Poppins-Bold.ttf */; };
		F83B87F22A2FCF8A004965A0 /* Inter-SemiBold.ttf in Resources */ = {isa = PBXBuildFile; fileRef = F83B87EF2A2FCF8A004965A0 /* Inter-SemiBold.ttf */; };
		F83B87F32A2FCF8A004965A0 /* Inter-Regular.ttf in Resources */ = {isa = PBXBuildFile; fileRef = F83B87F02A2FCF8A004965A0 /* Inter-Regular.ttf */; };
		F83B87F62A306D08004965A0 /* RiveRuntime in Frameworks */ = {isa = PBXBuildFile; productRef = F83B87F52A306D08004965A0 /* RiveRuntime */; };
		F8555B1A2A2CE94E003BB835 /* Tic_Tac_ToeApp.swift in Sources */ = {isa = PBXBuildFile; fileRef = F8555B192A2CE94E003BB835 /* Tic_Tac_ToeApp.swift */; };
		F8555B1C2A2CE94E003BB835 /* GameView.swift in Sources */ = {isa = PBXBuildFile; fileRef = F8555B1B2A2CE94E003BB835 /* GameView.swift */; };
		F8555B1E2A2CE94F003BB835 /* Assets.xcassets in Resources */ = {isa = PBXBuildFile; fileRef = F8555B1D2A2CE94F003BB835 /* Assets.xcassets */; };
		F8555B212A2CE94F003BB835 /* Preview Assets.xcassets in Resources */ = {isa = PBXBuildFile; fileRef = F8555B202A2CE94F003BB835 /* Preview Assets.xcassets */; };
		F8555B292A2CF9F9003BB835 /* Colors.swift in Sources */ = {isa = PBXBuildFile; fileRef = F8555B282A2CF9F9003BB835 /* Colors.swift */; };
		F886A5B42A2F7A1D00067F90 /* Alerts.swift in Sources */ = {isa = PBXBuildFile; fileRef = F886A5B32A2F7A1D00067F90 /* Alerts.swift */; };
		F8EDB29B2A31059B007247D5 /* BackgroundView.swift in Sources */ = {isa = PBXBuildFile; fileRef = F8EDB29A2A31059B007247D5 /* BackgroundView.swift */; };
		F8EDB29D2A311853007247D5 /* ControlButtonsView.swift in Sources */ = {isa = PBXBuildFile; fileRef = F8EDB29C2A311853007247D5 /* ControlButtonsView.swift */; };
		F8EDB29F2A311A12007247D5 /* CustomFont.swift in Sources */ = {isa = PBXBuildFile; fileRef = F8EDB29E2A311A12007247D5 /* CustomFont.swift */; };
		F8EDB2A42A311DE4007247D5 /* Comic-Sans-MS.ttf in Resources */ = {isa = PBXBuildFile; fileRef = F8EDB2A32A311DE4007247D5 /* Comic-Sans-MS.ttf */; };
		F8EDB2A72A31F5D0007247D5 /* GameModel.swift in Sources */ = {isa = PBXBuildFile; fileRef = F8EDB2A62A31F5D0007247D5 /* GameModel.swift */; };
		F8EDB2A92A31FDAE007247D5 /* ControlButtonsModel.swift in Sources */ = {isa = PBXBuildFile; fileRef = F8EDB2A82A31FDAE007247D5 /* ControlButtonsModel.swift */; };
		F8EDB2AD2A324EE7007247D5 /* ScoreView.swift in Sources */ = {isa = PBXBuildFile; fileRef = F8EDB2AC2A324EE7007247D5 /* ScoreView.swift */; };
		F8EDB2AF2A324F6B007247D5 /* ScoreViewModel.swift in Sources */ = {isa = PBXBuildFile; fileRef = F8EDB2AE2A324F6B007247D5 /* ScoreViewModel.swift */; };
/* End PBXBuildFile section */

/* Begin PBXFileReference section */
		F83B87D32A2FAC47004965A0 /* GameViewModel.swift */ = {isa = PBXFileReference; lastKnownFileType = sourcecode.swift; path = GameViewModel.swift; sourceTree = "<group>"; };
		F83B87D62A2FB419004965A0 /* GameSquareView.swift */ = {isa = PBXFileReference; lastKnownFileType = sourcecode.swift; path = GameSquareView.swift; sourceTree = "<group>"; };
		F83B87D82A2FB454004965A0 /* PlayerIndicatorView.swift */ = {isa = PBXFileReference; lastKnownFileType = sourcecode.swift; path = PlayerIndicatorView.swift; sourceTree = "<group>"; };
		F83B87DC2A2FC0FB004965A0 /* GameLogoView.swift */ = {isa = PBXFileReference; lastKnownFileType = sourcecode.swift; path = GameLogoView.swift; sourceTree = "<group>"; };
		F83B87DF2A2FCF4D004965A0 /* button.riv */ = {isa = PBXFileReference; lastKnownFileType = file; path = button.riv; sourceTree = "<group>"; };
		F83B87E02A2FCF4D004965A0 /* house.riv */ = {isa = PBXFileReference; lastKnownFileType = file; path = house.riv; sourceTree = "<group>"; };
		F83B87E12A2FCF4D004965A0 /* confetti.riv */ = {isa = PBXFileReference; lastKnownFileType = file; path = confetti.riv; sourceTree = "<group>"; };
		F83B87E22A2FCF4D004965A0 /* menu_button.riv */ = {isa = PBXFileReference; lastKnownFileType = file; path = menu_button.riv; sourceTree = "<group>"; };
		F83B87E32A2FCF4D004965A0 /* check.riv */ = {isa = PBXFileReference; lastKnownFileType = file; path = check.riv; sourceTree = "<group>"; };
		F83B87E42A2FCF4D004965A0 /* icons.riv */ = {isa = PBXFileReference; lastKnownFileType = file; path = icons.riv; sourceTree = "<group>"; };
		F83B87E52A2FCF4D004965A0 /* shapes.riv */ = {isa = PBXFileReference; lastKnownFileType = file; path = shapes.riv; sourceTree = "<group>"; };
		F83B87EE2A2FCF8A004965A0 /* Poppins-Bold.ttf */ = {isa = PBXFileReference; lastKnownFileType = file; path = "Poppins-Bold.ttf"; sourceTree = "<group>"; };
		F83B87EF2A2FCF8A004965A0 /* Inter-SemiBold.ttf */ = {isa = PBXFileReference; lastKnownFileType = file; path = "Inter-SemiBold.ttf"; sourceTree = "<group>"; };
		F83B87F02A2FCF8A004965A0 /* Inter-Regular.ttf */ = {isa = PBXFileReference; lastKnownFileType = file; path = "Inter-Regular.ttf"; sourceTree = "<group>"; };
		F8555B162A2CE94E003BB835 /* Tic-Tac-Toe.app */ = {isa = PBXFileReference; explicitFileType = wrapper.application; includeInIndex = 0; path = "Tic-Tac-Toe.app"; sourceTree = BUILT_PRODUCTS_DIR; };
		F8555B192A2CE94E003BB835 /* Tic_Tac_ToeApp.swift */ = {isa = PBXFileReference; lastKnownFileType = sourcecode.swift; path = Tic_Tac_ToeApp.swift; sourceTree = "<group>"; };
		F8555B1B2A2CE94E003BB835 /* GameView.swift */ = {isa = PBXFileReference; lastKnownFileType = sourcecode.swift; path = GameView.swift; sourceTree = "<group>"; };
		F8555B1D2A2CE94F003BB835 /* Assets.xcassets */ = {isa = PBXFileReference; lastKnownFileType = folder.assetcatalog; path = Assets.xcassets; sourceTree = "<group>"; };
		F8555B202A2CE94F003BB835 /* Preview Assets.xcassets */ = {isa = PBXFileReference; lastKnownFileType = folder.assetcatalog; path = "Preview Assets.xcassets"; sourceTree = "<group>"; };
		F8555B282A2CF9F9003BB835 /* Colors.swift */ = {isa = PBXFileReference; lastKnownFileType = sourcecode.swift; path = Colors.swift; sourceTree = "<group>"; };
		F886A5B32A2F7A1D00067F90 /* Alerts.swift */ = {isa = PBXFileReference; lastKnownFileType = sourcecode.swift; path = Alerts.swift; sourceTree = "<group>"; };
		F8EDB29A2A31059B007247D5 /* BackgroundView.swift */ = {isa = PBXFileReference; lastKnownFileType = sourcecode.swift; path = BackgroundView.swift; sourceTree = "<group>"; };
		F8EDB29C2A311853007247D5 /* ControlButtonsView.swift */ = {isa = PBXFileReference; lastKnownFileType = sourcecode.swift; path = ControlButtonsView.swift; sourceTree = "<group>"; };
		F8EDB29E2A311A12007247D5 /* CustomFont.swift */ = {isa = PBXFileReference; lastKnownFileType = sourcecode.swift; path = CustomFont.swift; sourceTree = "<group>"; };
		F8EDB2A22A311D89007247D5 /* Info.plist */ = {isa = PBXFileReference; lastKnownFileType = text.plist; path = Info.plist; sourceTree = "<group>"; };
		F8EDB2A32A311DE4007247D5 /* Comic-Sans-MS.ttf */ = {isa = PBXFileReference; lastKnownFileType = file; path = "Comic-Sans-MS.ttf"; sourceTree = "<group>"; };
		F8EDB2A62A31F5D0007247D5 /* GameModel.swift */ = {isa = PBXFileReference; lastKnownFileType = sourcecode.swift; path = GameModel.swift; sourceTree = "<group>"; };
		F8EDB2A82A31FDAE007247D5 /* ControlButtonsModel.swift */ = {isa = PBXFileReference; lastKnownFileType = sourcecode.swift; path = ControlButtonsModel.swift; sourceTree = "<group>"; };
		F8EDB2AC2A324EE7007247D5 /* ScoreView.swift */ = {isa = PBXFileReference; lastKnownFileType = sourcecode.swift; path = ScoreView.swift; sourceTree = "<group>"; };
		F8EDB2AE2A324F6B007247D5 /* ScoreViewModel.swift */ = {isa = PBXFileReference; lastKnownFileType = sourcecode.swift; path = ScoreViewModel.swift; sourceTree = "<group>"; };
/* End PBXFileReference section */

/* Begin PBXFrameworksBuildPhase section */
		F8555B132A2CE94E003BB835 /* Frameworks */ = {
			isa = PBXFrameworksBuildPhase;
			buildActionMask = 2147483647;
			files = (
				F83B87F62A306D08004965A0 /* RiveRuntime in Frameworks */,
			);
			runOnlyForDeploymentPostprocessing = 0;
		};
/* End PBXFrameworksBuildPhase section */

/* Begin PBXGroup section */
		F83B87D52A2FB3DF004965A0 /* CustomViews */ = {
			isa = PBXGroup;
			children = (
				F83B87D62A2FB419004965A0 /* GameSquareView.swift */,
				F83B87D82A2FB454004965A0 /* PlayerIndicatorView.swift */,
				F83B87DC2A2FC0FB004965A0 /* GameLogoView.swift */,
				F8EDB29A2A31059B007247D5 /* BackgroundView.swift */,
				F8EDB29C2A311853007247D5 /* ControlButtonsView.swift */,
				F8EDB2AC2A324EE7007247D5 /* ScoreView.swift */,
			);
			path = CustomViews;
			sourceTree = "<group>";
		};
		F83B87DE2A2FCF2D004965A0 /* RiveAssets */ = {
			isa = PBXGroup;
			children = (
				F83B87DF2A2FCF4D004965A0 /* button.riv */,
				F83B87E32A2FCF4D004965A0 /* check.riv */,
				F83B87E12A2FCF4D004965A0 /* confetti.riv */,
				F83B87E02A2FCF4D004965A0 /* house.riv */,
				F83B87E42A2FCF4D004965A0 /* icons.riv */,
				F83B87E22A2FCF4D004965A0 /* menu_button.riv */,
				F83B87E52A2FCF4D004965A0 /* shapes.riv */,
			);
			path = RiveAssets;
			sourceTree = "<group>";
		};
		F83B87ED2A2FCF70004965A0 /* Fonts */ = {
			isa = PBXGroup;
			children = (
				F8EDB2A32A311DE4007247D5 /* Comic-Sans-MS.ttf */,
				F83B87F02A2FCF8A004965A0 /* Inter-Regular.ttf */,
				F83B87EF2A2FCF8A004965A0 /* Inter-SemiBold.ttf */,
				F83B87EE2A2FCF8A004965A0 /* Poppins-Bold.ttf */,
			);
			path = Fonts;
			sourceTree = "<group>";
		};
		F8555B0D2A2CE94E003BB835 = {
			isa = PBXGroup;
			children = (
				F8555B182A2CE94E003BB835 /* Tic-Tac-Toe */,
				F8555B172A2CE94E003BB835 /* Products */,
			);
			sourceTree = "<group>";
		};
		F8555B172A2CE94E003BB835 /* Products */ = {
			isa = PBXGroup;
			children = (
				F8555B162A2CE94E003BB835 /* Tic-Tac-Toe.app */,
			);
			name = Products;
			sourceTree = "<group>";
		};
		F8555B182A2CE94E003BB835 /* Tic-Tac-Toe */ = {
			isa = PBXGroup;
			children = (
				F8EDB2A22A311D89007247D5 /* Info.plist */,
				F83B87ED2A2FCF70004965A0 /* Fonts */,
				F83B87DE2A2FCF2D004965A0 /* RiveAssets */,
				F8555B272A2CF9E5003BB835 /* Tools */,
				F83B87D52A2FB3DF004965A0 /* CustomViews */,
				F8EDB2A52A31F5B4007247D5 /* Models */,
				F8555B192A2CE94E003BB835 /* Tic_Tac_ToeApp.swift */,
				F8555B1B2A2CE94E003BB835 /* GameView.swift */,
				F83B87D32A2FAC47004965A0 /* GameViewModel.swift */,
				F8555B1D2A2CE94F003BB835 /* Assets.xcassets */,
				F8555B1F2A2CE94F003BB835 /* Preview Content */,
			);
			path = "Tic-Tac-Toe";
			sourceTree = "<group>";
		};
		F8555B1F2A2CE94F003BB835 /* Preview Content */ = {
			isa = PBXGroup;
			children = (
				F8555B202A2CE94F003BB835 /* Preview Assets.xcassets */,
			);
			path = "Preview Content";
			sourceTree = "<group>";
		};
		F8555B272A2CF9E5003BB835 /* Tools */ = {
			isa = PBXGroup;
			children = (
				F8555B282A2CF9F9003BB835 /* Colors.swift */,
				F886A5B32A2F7A1D00067F90 /* Alerts.swift */,
				F8EDB29E2A311A12007247D5 /* CustomFont.swift */,
			);
			path = Tools;
			sourceTree = "<group>";
		};
		F8EDB2A52A31F5B4007247D5 /* Models */ = {
			isa = PBXGroup;
			children = (
				F8EDB2A62A31F5D0007247D5 /* GameModel.swift */,
				F8EDB2A82A31FDAE007247D5 /* ControlButtonsModel.swift */,
				F8EDB2AE2A324F6B007247D5 /* ScoreViewModel.swift */,
			);
			path = Models;
			sourceTree = "<group>";
		};
/* End PBXGroup section */

/* Begin PBXNativeTarget section */
		F8555B152A2CE94E003BB835 /* Tic-Tac-Toe */ = {
			isa = PBXNativeTarget;
			buildConfigurationList = F8555B242A2CE94F003BB835 /* Build configuration list for PBXNativeTarget "Tic-Tac-Toe" */;
			buildPhases = (
				F8555B122A2CE94E003BB835 /* Sources */,
				F8555B132A2CE94E003BB835 /* Frameworks */,
				F8555B142A2CE94E003BB835 /* Resources */,
			);
			buildRules = (
			);
			dependencies = (
			);
			name = "Tic-Tac-Toe";
			packageProductDependencies = (
				F83B87F52A306D08004965A0 /* RiveRuntime */,
			);
			productName = "Tic-Tac-Toe";
			productReference = F8555B162A2CE94E003BB835 /* Tic-Tac-Toe.app */;
			productType = "com.apple.product-type.application";
		};
/* End PBXNativeTarget section */

/* Begin PBXProject section */
		F8555B0E2A2CE94E003BB835 /* Project object */ = {
			isa = PBXProject;
			attributes = {
				BuildIndependentTargetsInParallel = 1;
				LastSwiftUpdateCheck = 1420;
				LastUpgradeCheck = 1420;
				TargetAttributes = {
					F8555B152A2CE94E003BB835 = {
						CreatedOnToolsVersion = 14.2;
					};
				};
			};
			buildConfigurationList = F8555B112A2CE94E003BB835 /* Build configuration list for PBXProject "Tic-Tac-Toe" */;
			compatibilityVersion = "Xcode 14.0";
			developmentRegion = en;
			hasScannedForEncodings = 0;
			knownRegions = (
				en,
				Base,
			);
			mainGroup = F8555B0D2A2CE94E003BB835;
			packageReferences = (
				F83B87F42A306D08004965A0 /* XCRemoteSwiftPackageReference "rive-ios" */,
			);
			productRefGroup = F8555B172A2CE94E003BB835 /* Products */;
			projectDirPath = "";
			projectRoot = "";
			targets = (
				F8555B152A2CE94E003BB835 /* Tic-Tac-Toe */,
			);
		};
/* End PBXProject section */

/* Begin PBXResourcesBuildPhase section */
		F8555B142A2CE94E003BB835 /* Resources */ = {
			isa = PBXResourcesBuildPhase;
			buildActionMask = 2147483647;
			files = (
				F83B87E72A2FCF4D004965A0 /* house.riv in Resources */,
				F83B87E62A2FCF4D004965A0 /* button.riv in Resources */,
				F83B87E92A2FCF4D004965A0 /* menu_button.riv in Resources */,
				F83B87F22A2FCF8A004965A0 /* Inter-SemiBold.ttf in Resources */,
				F8555B212A2CE94F003BB835 /* Preview Assets.xcassets in Resources */,
				F83B87EC2A2FCF4D004965A0 /* shapes.riv in Resources */,
				F83B87EB2A2FCF4D004965A0 /* icons.riv in Resources */,
				F8555B1E2A2CE94F003BB835 /* Assets.xcassets in Resources */,
				F83B87F12A2FCF8A004965A0 /* Poppins-Bold.ttf in Resources */,
				F8EDB2A42A311DE4007247D5 /* Comic-Sans-MS.ttf in Resources */,
				F83B87EA2A2FCF4D004965A0 /* check.riv in Resources */,
				F83B87F32A2FCF8A004965A0 /* Inter-Regular.ttf in Resources */,
				F83B87E82A2FCF4D004965A0 /* confetti.riv in Resources */,
			);
			runOnlyForDeploymentPostprocessing = 0;
		};
/* End PBXResourcesBuildPhase section */

/* Begin PBXSourcesBuildPhase section */
		F8555B122A2CE94E003BB835 /* Sources */ = {
			isa = PBXSourcesBuildPhase;
			buildActionMask = 2147483647;
			files = (
				F8EDB29B2A31059B007247D5 /* BackgroundView.swift in Sources */,
				F8555B1C2A2CE94E003BB835 /* GameView.swift in Sources */,
				F83B87DD2A2FC0FB004965A0 /* GameLogoView.swift in Sources */,
				F8EDB2A92A31FDAE007247D5 /* ControlButtonsModel.swift in Sources */,
				F83B87D92A2FB454004965A0 /* PlayerIndicatorView.swift in Sources */,
				F8555B292A2CF9F9003BB835 /* Colors.swift in Sources */,
				F8EDB2AF2A324F6B007247D5 /* ScoreViewModel.swift in Sources */,
				F8EDB2A72A31F5D0007247D5 /* GameModel.swift in Sources */,
				F886A5B42A2F7A1D00067F90 /* Alerts.swift in Sources */,
				F83B87D72A2FB419004965A0 /* GameSquareView.swift in Sources */,
				F83B87D42A2FAC47004965A0 /* GameViewModel.swift in Sources */,
				F8EDB29D2A311853007247D5 /* ControlButtonsView.swift in Sources */,
				F8EDB2AD2A324EE7007247D5 /* ScoreView.swift in Sources */,
				F8EDB29F2A311A12007247D5 /* CustomFont.swift in Sources */,
				F8555B1A2A2CE94E003BB835 /* Tic_Tac_ToeApp.swift in Sources */,
			);
			runOnlyForDeploymentPostprocessing = 0;
		};
/* End PBXSourcesBuildPhase section */

/* Begin XCBuildConfiguration section */
		F8555B222A2CE94F003BB835 /* Debug */ = {
			isa = XCBuildConfiguration;
			buildSettings = {
				ALWAYS_SEARCH_USER_PATHS = NO;
				CLANG_ANALYZER_NONNULL = YES;
				CLANG_ANALYZER_NUMBER_OBJECT_CONVERSION = YES_AGGRESSIVE;
				CLANG_CXX_LANGUAGE_STANDARD = "gnu++20";
				CLANG_ENABLE_MODULES = YES;
				CLANG_ENABLE_OBJC_ARC = YES;
				CLANG_ENABLE_OBJC_WEAK = YES;
				CLANG_WARN_BLOCK_CAPTURE_AUTORELEASING = YES;
				CLANG_WARN_BOOL_CONVERSION = YES;
				CLANG_WARN_COMMA = YES;
				CLANG_WARN_CONSTANT_CONVERSION = YES;
				CLANG_WARN_DEPRECATED_OBJC_IMPLEMENTATIONS = YES;
				CLANG_WARN_DIRECT_OBJC_ISA_USAGE = YES_ERROR;
				CLANG_WARN_DOCUMENTATION_COMMENTS = YES;
				CLANG_WARN_EMPTY_BODY = YES;
				CLANG_WARN_ENUM_CONVERSION = YES;
				CLANG_WARN_INFINITE_RECURSION = YES;
				CLANG_WARN_INT_CONVERSION = YES;
				CLANG_WARN_NON_LITERAL_NULL_CONVERSION = YES;
				CLANG_WARN_OBJC_IMPLICIT_RETAIN_SELF = YES;
				CLANG_WARN_OBJC_LITERAL_CONVERSION = YES;
				CLANG_WARN_OBJC_ROOT_CLASS = YES_ERROR;
				CLANG_WARN_QUOTED_INCLUDE_IN_FRAMEWORK_HEADER = YES;
				CLANG_WARN_RANGE_LOOP_ANALYSIS = YES;
				CLANG_WARN_STRICT_PROTOTYPES = YES;
				CLANG_WARN_SUSPICIOUS_MOVE = YES;
				CLANG_WARN_UNGUARDED_AVAILABILITY = YES_AGGRESSIVE;
				CLANG_WARN_UNREACHABLE_CODE = YES;
				CLANG_WARN__DUPLICATE_METHOD_MATCH = YES;
				COPY_PHASE_STRIP = NO;
				DEBUG_INFORMATION_FORMAT = dwarf;
				ENABLE_STRICT_OBJC_MSGSEND = YES;
				ENABLE_TESTABILITY = YES;
				GCC_C_LANGUAGE_STANDARD = gnu11;
				GCC_DYNAMIC_NO_PIC = NO;
				GCC_NO_COMMON_BLOCKS = YES;
				GCC_OPTIMIZATION_LEVEL = 0;
				GCC_PREPROCESSOR_DEFINITIONS = (
					"DEBUG=1",
					"$(inherited)",
				);
				GCC_WARN_64_TO_32_BIT_CONVERSION = YES;
				GCC_WARN_ABOUT_RETURN_TYPE = YES_ERROR;
				GCC_WARN_UNDECLARED_SELECTOR = YES;
				GCC_WARN_UNINITIALIZED_AUTOS = YES_AGGRESSIVE;
				GCC_WARN_UNUSED_FUNCTION = YES;
				GCC_WARN_UNUSED_VARIABLE = YES;
				IPHONEOS_DEPLOYMENT_TARGET = 16.2;
				MTL_ENABLE_DEBUG_INFO = INCLUDE_SOURCE;
				MTL_FAST_MATH = YES;
				ONLY_ACTIVE_ARCH = YES;
				SDKROOT = iphoneos;
				SWIFT_ACTIVE_COMPILATION_CONDITIONS = DEBUG;
				SWIFT_OPTIMIZATION_LEVEL = "-Onone";
			};
			name = Debug;
		};
		F8555B232A2CE94F003BB835 /* Release */ = {
			isa = XCBuildConfiguration;
			buildSettings = {
				ALWAYS_SEARCH_USER_PATHS = NO;
				CLANG_ANALYZER_NONNULL = YES;
				CLANG_ANALYZER_NUMBER_OBJECT_CONVERSION = YES_AGGRESSIVE;
				CLANG_CXX_LANGUAGE_STANDARD = "gnu++20";
				CLANG_ENABLE_MODULES = YES;
				CLANG_ENABLE_OBJC_ARC = YES;
				CLANG_ENABLE_OBJC_WEAK = YES;
				CLANG_WARN_BLOCK_CAPTURE_AUTORELEASING = YES;
				CLANG_WARN_BOOL_CONVERSION = YES;
				CLANG_WARN_COMMA = YES;
				CLANG_WARN_CONSTANT_CONVERSION = YES;
				CLANG_WARN_DEPRECATED_OBJC_IMPLEMENTATIONS = YES;
				CLANG_WARN_DIRECT_OBJC_ISA_USAGE = YES_ERROR;
				CLANG_WARN_DOCUMENTATION_COMMENTS = YES;
				CLANG_WARN_EMPTY_BODY = YES;
				CLANG_WARN_ENUM_CONVERSION = YES;
				CLANG_WARN_INFINITE_RECURSION = YES;
				CLANG_WARN_INT_CONVERSION = YES;
				CLANG_WARN_NON_LITERAL_NULL_CONVERSION = YES;
				CLANG_WARN_OBJC_IMPLICIT_RETAIN_SELF = YES;
				CLANG_WARN_OBJC_LITERAL_CONVERSION = YES;
				CLANG_WARN_OBJC_ROOT_CLASS = YES_ERROR;
				CLANG_WARN_QUOTED_INCLUDE_IN_FRAMEWORK_HEADER = YES;
				CLANG_WARN_RANGE_LOOP_ANALYSIS = YES;
				CLANG_WARN_STRICT_PROTOTYPES = YES;
				CLANG_WARN_SUSPICIOUS_MOVE = YES;
				CLANG_WARN_UNGUARDED_AVAILABILITY = YES_AGGRESSIVE;
				CLANG_WARN_UNREACHABLE_CODE = YES;
				CLANG_WARN__DUPLICATE_METHOD_MATCH = YES;
				COPY_PHASE_STRIP = NO;
				DEBUG_INFORMATION_FORMAT = "dwarf-with-dsym";
				ENABLE_NS_ASSERTIONS = NO;
				ENABLE_STRICT_OBJC_MSGSEND = YES;
				GCC_C_LANGUAGE_STANDARD = gnu11;
				GCC_NO_COMMON_BLOCKS = YES;
				GCC_WARN_64_TO_32_BIT_CONVERSION = YES;
				GCC_WARN_ABOUT_RETURN_TYPE = YES_ERROR;
				GCC_WARN_UNDECLARED_SELECTOR = YES;
				GCC_WARN_UNINITIALIZED_AUTOS = YES_AGGRESSIVE;
				GCC_WARN_UNUSED_FUNCTION = YES;
				GCC_WARN_UNUSED_VARIABLE = YES;
				IPHONEOS_DEPLOYMENT_TARGET = 16.2;
				MTL_ENABLE_DEBUG_INFO = NO;
				MTL_FAST_MATH = YES;
				SDKROOT = iphoneos;
				SWIFT_COMPILATION_MODE = wholemodule;
				SWIFT_OPTIMIZATION_LEVEL = "-O";
				VALIDATE_PRODUCT = YES;
			};
			name = Release;
		};
		F8555B252A2CE94F003BB835 /* Debug */ = {
			isa = XCBuildConfiguration;
			buildSettings = {
				ASSETCATALOG_COMPILER_APPICON_NAME = AppIcon;
				ASSETCATALOG_COMPILER_GLOBAL_ACCENT_COLOR_NAME = AccentColor;
				CODE_SIGN_STYLE = Automatic;
				CURRENT_PROJECT_VERSION = 1;
				DEVELOPMENT_ASSET_PATHS = "\"Tic-Tac-Toe/Preview Content\"";
				DEVELOPMENT_TEAM = 4RVQ5686Z7;
				ENABLE_PREVIEWS = YES;
				GENERATE_INFOPLIST_FILE = YES;
				INFOPLIST_FILE = "Tic-Tac-Toe/Info.plist";
				INFOPLIST_KEY_UIApplicationSceneManifest_Generation = YES;
				INFOPLIST_KEY_UIApplicationSupportsIndirectInputEvents = YES;
				INFOPLIST_KEY_UILaunchScreen_Generation = YES;
				INFOPLIST_KEY_UISupportedInterfaceOrientations_iPad = "UIInterfaceOrientationPortrait UIInterfaceOrientationPortraitUpsideDown UIInterfaceOrientationLandscapeLeft UIInterfaceOrientationLandscapeRight";
				INFOPLIST_KEY_UISupportedInterfaceOrientations_iPhone = "UIInterfaceOrientationPortrait UIInterfaceOrientationLandscapeLeft UIInterfaceOrientationLandscapeRight";
				LD_RUNPATH_SEARCH_PATHS = (
					"$(inherited)",
					"@executable_path/Frameworks",
				);
				MARKETING_VERSION = 1.0;
				PRODUCT_BUNDLE_IDENTIFIER = "com.keofoxy.Tic-Tac-Toe";
				PRODUCT_NAME = "$(TARGET_NAME)";
				SWIFT_EMIT_LOC_STRINGS = YES;
				SWIFT_VERSION = 5.0;
				TARGETED_DEVICE_FAMILY = "1,2";
			};
			name = Debug;
		};
		F8555B262A2CE94F003BB835 /* Release */ = {
			isa = XCBuildConfiguration;
			buildSettings = {
				ASSETCATALOG_COMPILER_APPICON_NAME = AppIcon;
				ASSETCATALOG_COMPILER_GLOBAL_ACCENT_COLOR_NAME = AccentColor;
				CODE_SIGN_STYLE = Automatic;
				CURRENT_PROJECT_VERSION = 1;
				DEVELOPMENT_ASSET_PATHS = "\"Tic-Tac-Toe/Preview Content\"";
				DEVELOPMENT_TEAM = 4RVQ5686Z7;
				ENABLE_PREVIEWS = YES;
				GENERATE_INFOPLIST_FILE = YES;
				INFOPLIST_FILE = "Tic-Tac-Toe/Info.plist";
				INFOPLIST_KEY_UIApplicationSceneManifest_Generation = YES;
				INFOPLIST_KEY_UIApplicationSupportsIndirectInputEvents = YES;
				INFOPLIST_KEY_UILaunchScreen_Generation = YES;
				INFOPLIST_KEY_UISupportedInterfaceOrientations_iPad = "UIInterfaceOrientationPortrait UIInterfaceOrientationPortraitUpsideDown UIInterfaceOrientationLandscapeLeft UIInterfaceOrientationLandscapeRight";
				INFOPLIST_KEY_UISupportedInterfaceOrientations_iPhone = "UIInterfaceOrientationPortrait UIInterfaceOrientationLandscapeLeft UIInterfaceOrientationLandscapeRight";
				LD_RUNPATH_SEARCH_PATHS = (
					"$(inherited)",
					"@executable_path/Frameworks",
				);
				MARKETING_VERSION = 1.0;
				PRODUCT_BUNDLE_IDENTIFIER = "com.keofoxy.Tic-Tac-Toe";
				PRODUCT_NAME = "$(TARGET_NAME)";
				SWIFT_EMIT_LOC_STRINGS = YES;
				SWIFT_VERSION = 5.0;
				TARGETED_DEVICE_FAMILY = "1,2";
			};
			name = Release;
		};
/* End XCBuildConfiguration section */

/* Begin XCConfigurationList section */
		F8555B112A2CE94E003BB835 /* Build configuration list for PBXProject "Tic-Tac-Toe" */ = {
			isa = XCConfigurationList;
			buildConfigurations = (
				F8555B222A2CE94F003BB835 /* Debug */,
				F8555B232A2CE94F003BB835 /* Release */,
			);
			defaultConfigurationIsVisible = 0;
			defaultConfigurationName = Release;
		};
		F8555B242A2CE94F003BB835 /* Build configuration list for PBXNativeTarget "Tic-Tac-Toe" */ = {
			isa = XCConfigurationList;
			buildConfigurations = (
				F8555B252A2CE94F003BB835 /* Debug */,
				F8555B262A2CE94F003BB835 /* Release */,
			);
			defaultConfigurationIsVisible = 0;
			defaultConfigurationName = Release;
		};
/* End XCConfigurationList section */

/* Begin XCRemoteSwiftPackageReference section */
		F83B87F42A306D08004965A0 /* XCRemoteSwiftPackageReference "rive-ios" */ = {
			isa = XCRemoteSwiftPackageReference;
			repositoryURL = "https://github.com/rive-app/rive-ios";
			requirement = {
				kind = upToNextMajorVersion;
				minimumVersion = 4.0.0;
			};
		};
/* End XCRemoteSwiftPackageReference section */

/* Begin XCSwiftPackageProductDependency section */
		F83B87F52A306D08004965A0 /* RiveRuntime */ = {
			isa = XCSwiftPackageProductDependency;
			package = F83B87F42A306D08004965A0 /* XCRemoteSwiftPackageReference "rive-ios" */;
			productName = RiveRuntime;
		};
/* End XCSwiftPackageProductDependency section */
	};
	rootObject = F8555B0E2A2CE94E003BB835 /* Project object */;
}
